
Microsoft Visual Studio Solution File, Format Version 12.00
# Visual Studio Version 16
VisualStudioVersion = 16.0.31613.86
MinimumVisualStudioVersion = 10.0.40219.1
Project("{FAE04EC0-301F-11D3-BF4B-00C04F79EFBC}") = "TestAduana", "TestAduana\TestAduana.csproj", "{D7A051AE-E060-4E9E-A94F-29441825757E}"
EndProject
Project("{FAE04EC0-301F-11D3-BF4B-00C04F79EFBC}") = "Entidades", "Entidades\Entidades.csproj", "{0F93217C-2753-4780-BE30-E045A4CDE821}"
EndProject
Project("{FAE04EC0-301F-11D3-BF4B-00C04F79EFBC}") = "Aduana", "Aduana\Aduana.csproj", "{328F5159-1830-4AF4-AF6B-9AF7EDEB9090}"
EndProject
Global
	GlobalSection(SolutionConfigurationPlatforms) = preSolution
		Debug|Any CPU = Debug|Any CPU
		Release|Any CPU = Release|Any CPU
	EndGlobalSection
	GlobalSection(ProjectConfigurationPlatforms) = postSolution
		{D7A051AE-E060-4E9E-A94F-29441825757E}.Debug|Any CPU.ActiveCfg = Debug|Any CPU
		{D7A051AE-E060-4E9E-A94F-29441825757E}.Debug|Any CPU.Build.0 = Debug|Any CPU
		{D7A051AE-E060-4E9E-A94F-29441825757E}.Release|Any CPU.ActiveCfg = Release|Any CPU
		{D7A051AE-E060-4E9E-A94F-29441825757E}.Release|Any CPU.Build.0 = Release|Any CPU
		{0F93217C-2753-4780-BE30-E045A4CDE821}.Debug|Any CPU.ActiveCfg = Debug|Any CPU
		{0F93217C-2753-4780-BE30-E045A4CDE821}.Debug|Any CPU.Build.0 = Debug|Any CPU
		{0F93217C-2753-4780-BE30-E045A4CDE821}.Release|Any CPU.ActiveCfg = Release|Any CPU
		{0F93217C-2753-4780-BE30-E045A4CDE821}.Release|Any CPU.Build.0 = Release|Any CPU
		{328F5159-1830-4AF4-AF6B-9AF7EDEB9090}.Debug|Any CPU.ActiveCfg = Debug|Any CPU
		{328F5159-1830-4AF4-AF6B-9AF7EDEB9090}.Debug|Any CPU.Build.0 = Debug|Any CPU
		{328F5159-1830-4AF4-AF6B-9AF7EDEB9090}.Release|Any CPU.ActiveCfg = Release|Any CPU
		{328F5159-1830-4AF4-AF6B-9AF7EDEB9090}.Release|Any CPU.Build.0 = Release|Any CPU
	EndGlobalSection
	GlobalSection(SolutionProperties) = preSolution
		HideSolutionNode = FALSE
	EndGlobalSection
	GlobalSection(ExtensibilityGlobals) = postSolution
		SolutionGuid = {ECD7C07A-BE0E-41E9-9940-5B5EEAAF2ADA}
	EndGlobalSection
EndGlobal
