
Microsoft Visual Studio Solution File, Format Version 12.00
# Visual Studio Version 16
VisualStudioVersion = 16.0.31613.86
MinimumVisualStudioVersion = 10.0.40219.1
Project("{FAE04EC0-301F-11D3-BF4B-00C04F79EFBC}") = "ListaSuper", "ListaSuper\ListaSuper.csproj", "{2EF7C4DD-2AA4-4D1F-9917-6278C731B706}"
EndProject
Global
	GlobalSection(SolutionConfigurationPlatforms) = preSolution
		Debug|Any CPU = Debug|Any CPU
		Release|Any CPU = Release|Any CPU
	EndGlobalSection
	GlobalSection(ProjectConfigurationPlatforms) = postSolution
		{2EF7C4DD-2AA4-4D1F-9917-6278C731B706}.Debug|Any CPU.ActiveCfg = Debug|Any CPU
		{2EF7C4DD-2AA4-4D1F-9917-6278C731B706}.Debug|Any CPU.Build.0 = Debug|Any CPU
		{2EF7C4DD-2AA4-4D1F-9917-6278C731B706}.Release|Any CPU.ActiveCfg = Release|Any CPU
		{2EF7C4DD-2AA4-4D1F-9917-6278C731B706}.Release|Any CPU.Build.0 = Release|Any CPU
	EndGlobalSection
	GlobalSection(SolutionProperties) = preSolution
		HideSolutionNode = FALSE
	EndGlobalSection
	GlobalSection(ExtensibilityGlobals) = postSolution
		SolutionGuid = {F10C32BC-2819-48F9-82DD-8C2FD456248D}
	EndGlobalSection
EndGlobal
