
Microsoft Visual Studio Solution File, Format Version 12.00
# Visual Studio Version 16
VisualStudioVersion = 16.0.31613.86
MinimumVisualStudioVersion = 10.0.40219.1
Project("{FAE04EC0-301F-11D3-BF4B-00C04F79EFBC}") = "EjercicioAvisameSiCambia", "EjercicioAvisameSiCambia\EjercicioAvisameSiCambia.csproj", "{BDEF76BA-717F-44B4-A7B3-240183CA98F8}"
EndProject
Project("{FAE04EC0-301F-11D3-BF4B-00C04F79EFBC}") = "Entidades", "Entidades\Entidades.csproj", "{B76CC2EF-1CC0-4DBA-8223-3069B00D2D53}"
EndProject
Global
	GlobalSection(SolutionConfigurationPlatforms) = preSolution
		Debug|Any CPU = Debug|Any CPU
		Release|Any CPU = Release|Any CPU
	EndGlobalSection
	GlobalSection(ProjectConfigurationPlatforms) = postSolution
		{BDEF76BA-717F-44B4-A7B3-240183CA98F8}.Debug|Any CPU.ActiveCfg = Debug|Any CPU
		{BDEF76BA-717F-44B4-A7B3-240183CA98F8}.Debug|Any CPU.Build.0 = Debug|Any CPU
		{BDEF76BA-717F-44B4-A7B3-240183CA98F8}.Release|Any CPU.ActiveCfg = Release|Any CPU
		{BDEF76BA-717F-44B4-A7B3-240183CA98F8}.Release|Any CPU.Build.0 = Release|Any CPU
		{B76CC2EF-1CC0-4DBA-8223-3069B00D2D53}.Debug|Any CPU.ActiveCfg = Debug|Any CPU
		{B76CC2EF-1CC0-4DBA-8223-3069B00D2D53}.Debug|Any CPU.Build.0 = Debug|Any CPU
		{B76CC2EF-1CC0-4DBA-8223-3069B00D2D53}.Release|Any CPU.ActiveCfg = Release|Any CPU
		{B76CC2EF-1CC0-4DBA-8223-3069B00D2D53}.Release|Any CPU.Build.0 = Release|Any CPU
	EndGlobalSection
	GlobalSection(SolutionProperties) = preSolution
		HideSolutionNode = FALSE
	EndGlobalSection
	GlobalSection(ExtensibilityGlobals) = postSolution
		SolutionGuid = {BE84C458-0805-4334-8DEA-5FC7D52D8357}
	EndGlobalSection
EndGlobal
