
Microsoft Visual Studio Solution File, Format Version 12.00
# Visual Studio Version 16
VisualStudioVersion = 16.0.31613.86
MinimumVisualStudioVersion = 10.0.40219.1
Project("{FAE04EC0-301F-11D3-BF4B-00C04F79EFBC}") = "ejercicioI08medioTriangulo", "ejercicioI08medioTriangulo\ejercicioI08medioTriangulo.csproj", "{D9D5B6D2-52CF-493C-8D30-D9E523899657}"
EndProject
Global
	GlobalSection(SolutionConfigurationPlatforms) = preSolution
		Debug|Any CPU = Debug|Any CPU
		Release|Any CPU = Release|Any CPU
	EndGlobalSection
	GlobalSection(ProjectConfigurationPlatforms) = postSolution
		{D9D5B6D2-52CF-493C-8D30-D9E523899657}.Debug|Any CPU.ActiveCfg = Debug|Any CPU
		{D9D5B6D2-52CF-493C-8D30-D9E523899657}.Debug|Any CPU.Build.0 = Debug|Any CPU
		{D9D5B6D2-52CF-493C-8D30-D9E523899657}.Release|Any CPU.ActiveCfg = Release|Any CPU
		{D9D5B6D2-52CF-493C-8D30-D9E523899657}.Release|Any CPU.Build.0 = Release|Any CPU
	EndGlobalSection
	GlobalSection(SolutionProperties) = preSolution
		HideSolutionNode = FALSE
	EndGlobalSection
	GlobalSection(ExtensibilityGlobals) = postSolution
		SolutionGuid = {7D9E9825-8CC5-4873-91F5-3ABBCA761643}
	EndGlobalSection
EndGlobal
