
Microsoft Visual Studio Solution File, Format Version 12.00
# Visual Studio Version 16
VisualStudioVersion = 16.0.31613.86
MinimumVisualStudioVersion = 10.0.40219.1
Project("{FAE04EC0-301F-11D3-BF4B-00C04F79EFBC}") = "ejercicioI01puestoAtencion", "ejercicioI01puestoAtencion\ejercicioI01puestoAtencion.csproj", "{0E85E6E3-FBA6-4061-AEBB-64B7671A4367}"
EndProject
Project("{FAE04EC0-301F-11D3-BF4B-00C04F79EFBC}") = "Biblioteca", "Biblioteca\Biblioteca.csproj", "{6E7EBBCD-C3A3-45D8-BDC0-20E34486139D}"
EndProject
Global
	GlobalSection(SolutionConfigurationPlatforms) = preSolution
		Debug|Any CPU = Debug|Any CPU
		Release|Any CPU = Release|Any CPU
	EndGlobalSection
	GlobalSection(ProjectConfigurationPlatforms) = postSolution
		{0E85E6E3-FBA6-4061-AEBB-64B7671A4367}.Debug|Any CPU.ActiveCfg = Debug|Any CPU
		{0E85E6E3-FBA6-4061-AEBB-64B7671A4367}.Debug|Any CPU.Build.0 = Debug|Any CPU
		{0E85E6E3-FBA6-4061-AEBB-64B7671A4367}.Release|Any CPU.ActiveCfg = Release|Any CPU
		{0E85E6E3-FBA6-4061-AEBB-64B7671A4367}.Release|Any CPU.Build.0 = Release|Any CPU
		{6E7EBBCD-C3A3-45D8-BDC0-20E34486139D}.Debug|Any CPU.ActiveCfg = Debug|Any CPU
		{6E7EBBCD-C3A3-45D8-BDC0-20E34486139D}.Debug|Any CPU.Build.0 = Debug|Any CPU
		{6E7EBBCD-C3A3-45D8-BDC0-20E34486139D}.Release|Any CPU.ActiveCfg = Release|Any CPU
		{6E7EBBCD-C3A3-45D8-BDC0-20E34486139D}.Release|Any CPU.Build.0 = Release|Any CPU
	EndGlobalSection
	GlobalSection(SolutionProperties) = preSolution
		HideSolutionNode = FALSE
	EndGlobalSection
	GlobalSection(ExtensibilityGlobals) = postSolution
		SolutionGuid = {E688DEE8-7196-4195-AB1B-81C35E074D80}
	EndGlobalSection
EndGlobal
