
Microsoft Visual Studio Solution File, Format Version 12.00
# Visual Studio Version 16
VisualStudioVersion = 16.0.31613.86
MinimumVisualStudioVersion = 10.0.40219.1
Project("{FAE04EC0-301F-11D3-BF4B-00C04F79EFBC}") = "ejercicioI02centralita1", "ejercicioI02centralita1\ejercicioI02centralita1.csproj", "{FCEAA26C-7143-4502-B7DC-9318B6C9C6D9}"
EndProject
Project("{FAE04EC0-301F-11D3-BF4B-00C04F79EFBC}") = "Centralita", "Centralita\Centralita.csproj", "{52BA5C18-FBE0-42E0-B633-FDD5B0D9268E}"
EndProject
Global
	GlobalSection(SolutionConfigurationPlatforms) = preSolution
		Debug|Any CPU = Debug|Any CPU
		Release|Any CPU = Release|Any CPU
	EndGlobalSection
	GlobalSection(ProjectConfigurationPlatforms) = postSolution
		{FCEAA26C-7143-4502-B7DC-9318B6C9C6D9}.Debug|Any CPU.ActiveCfg = Debug|Any CPU
		{FCEAA26C-7143-4502-B7DC-9318B6C9C6D9}.Debug|Any CPU.Build.0 = Debug|Any CPU
		{FCEAA26C-7143-4502-B7DC-9318B6C9C6D9}.Release|Any CPU.ActiveCfg = Release|Any CPU
		{FCEAA26C-7143-4502-B7DC-9318B6C9C6D9}.Release|Any CPU.Build.0 = Release|Any CPU
		{52BA5C18-FBE0-42E0-B633-FDD5B0D9268E}.Debug|Any CPU.ActiveCfg = Debug|Any CPU
		{52BA5C18-FBE0-42E0-B633-FDD5B0D9268E}.Debug|Any CPU.Build.0 = Debug|Any CPU
		{52BA5C18-FBE0-42E0-B633-FDD5B0D9268E}.Release|Any CPU.ActiveCfg = Release|Any CPU
		{52BA5C18-FBE0-42E0-B633-FDD5B0D9268E}.Release|Any CPU.Build.0 = Release|Any CPU
	EndGlobalSection
	GlobalSection(SolutionProperties) = preSolution
		HideSolutionNode = FALSE
	EndGlobalSection
	GlobalSection(ExtensibilityGlobals) = postSolution
		SolutionGuid = {60F8052F-F5F2-4F29-BF57-2AC9772903DB}
	EndGlobalSection
EndGlobal
