
Microsoft Visual Studio Solution File, Format Version 12.00
# Visual Studio Version 16
VisualStudioVersion = 16.0.31613.86
MinimumVisualStudioVersion = 10.0.40219.1
Project("{FAE04EC0-301F-11D3-BF4B-00C04F79EFBC}") = "ejercicioI01prestamo", "ejercicioI01prestamo\ejercicioI01prestamo.csproj", "{E5017C64-1C4E-41CE-AC00-0F0B74E62581}"
EndProject
Project("{FAE04EC0-301F-11D3-BF4B-00C04F79EFBC}") = "Biblioteca", "Biblioteca\Biblioteca.csproj", "{835FB97C-A404-4519-B61C-711A4A7FF48C}"
EndProject
Global
	GlobalSection(SolutionConfigurationPlatforms) = preSolution
		Debug|Any CPU = Debug|Any CPU
		Release|Any CPU = Release|Any CPU
	EndGlobalSection
	GlobalSection(ProjectConfigurationPlatforms) = postSolution
		{E5017C64-1C4E-41CE-AC00-0F0B74E62581}.Debug|Any CPU.ActiveCfg = Debug|Any CPU
		{E5017C64-1C4E-41CE-AC00-0F0B74E62581}.Debug|Any CPU.Build.0 = Debug|Any CPU
		{E5017C64-1C4E-41CE-AC00-0F0B74E62581}.Release|Any CPU.ActiveCfg = Release|Any CPU
		{E5017C64-1C4E-41CE-AC00-0F0B74E62581}.Release|Any CPU.Build.0 = Release|Any CPU
		{835FB97C-A404-4519-B61C-711A4A7FF48C}.Debug|Any CPU.ActiveCfg = Debug|Any CPU
		{835FB97C-A404-4519-B61C-711A4A7FF48C}.Debug|Any CPU.Build.0 = Debug|Any CPU
		{835FB97C-A404-4519-B61C-711A4A7FF48C}.Release|Any CPU.ActiveCfg = Release|Any CPU
		{835FB97C-A404-4519-B61C-711A4A7FF48C}.Release|Any CPU.Build.0 = Release|Any CPU
	EndGlobalSection
	GlobalSection(SolutionProperties) = preSolution
		HideSolutionNode = FALSE
	EndGlobalSection
	GlobalSection(ExtensibilityGlobals) = postSolution
		SolutionGuid = {8FAFED63-CAB5-4AAC-9504-2C375274539A}
	EndGlobalSection
EndGlobal
