
Microsoft Visual Studio Solution File, Format Version 12.00
# Visual Studio Version 16
VisualStudioVersion = 16.0.31613.86
MinimumVisualStudioVersion = 10.0.40219.1
Project("{FAE04EC0-301F-11D3-BF4B-00C04F79EFBC}") = "ejercicioI04calculadora", "ejercicioI04calculadora\ejercicioI04calculadora.csproj", "{E99EF12F-F6A1-4E1E-8A41-7757F6197B2D}"
EndProject
Project("{FAE04EC0-301F-11D3-BF4B-00C04F79EFBC}") = "Biblioteca", "Biblioteca\Biblioteca.csproj", "{76890EF1-F909-46EF-B348-0F8661693114}"
EndProject
Global
	GlobalSection(SolutionConfigurationPlatforms) = preSolution
		Debug|Any CPU = Debug|Any CPU
		Release|Any CPU = Release|Any CPU
	EndGlobalSection
	GlobalSection(ProjectConfigurationPlatforms) = postSolution
		{E99EF12F-F6A1-4E1E-8A41-7757F6197B2D}.Debug|Any CPU.ActiveCfg = Debug|Any CPU
		{E99EF12F-F6A1-4E1E-8A41-7757F6197B2D}.Debug|Any CPU.Build.0 = Debug|Any CPU
		{E99EF12F-F6A1-4E1E-8A41-7757F6197B2D}.Release|Any CPU.ActiveCfg = Release|Any CPU
		{E99EF12F-F6A1-4E1E-8A41-7757F6197B2D}.Release|Any CPU.Build.0 = Release|Any CPU
		{76890EF1-F909-46EF-B348-0F8661693114}.Debug|Any CPU.ActiveCfg = Debug|Any CPU
		{76890EF1-F909-46EF-B348-0F8661693114}.Debug|Any CPU.Build.0 = Debug|Any CPU
		{76890EF1-F909-46EF-B348-0F8661693114}.Release|Any CPU.ActiveCfg = Release|Any CPU
		{76890EF1-F909-46EF-B348-0F8661693114}.Release|Any CPU.Build.0 = Release|Any CPU
	EndGlobalSection
	GlobalSection(SolutionProperties) = preSolution
		HideSolutionNode = FALSE
	EndGlobalSection
	GlobalSection(ExtensibilityGlobals) = postSolution
		SolutionGuid = {E8B6CB92-FBC7-45B5-8E8D-34AC3B8C6FF3}
	EndGlobalSection
EndGlobal
