
Microsoft Visual Studio Solution File, Format Version 12.00
# Visual Studio Version 16
VisualStudioVersion = 16.0.31613.86
MinimumVisualStudioVersion = 10.0.40219.1
Project("{FAE04EC0-301F-11D3-BF4B-00C04F79EFBC}") = "ejercicioI02", "ejercicioI02.csproj", "{25812C40-C6AD-4CCE-BF0C-FA6C716F42AD}"
EndProject
Project("{FAE04EC0-301F-11D3-BF4B-00C04F79EFBC}") = "Biblioteca", "..\Biblioteca\Biblioteca.csproj", "{3A0FD4A8-3BA6-4AB0-BDC2-741759E0EEA6}"
EndProject
Global
	GlobalSection(SolutionConfigurationPlatforms) = preSolution
		Debug|Any CPU = Debug|Any CPU
		Release|Any CPU = Release|Any CPU
	EndGlobalSection
	GlobalSection(ProjectConfigurationPlatforms) = postSolution
		{25812C40-C6AD-4CCE-BF0C-FA6C716F42AD}.Debug|Any CPU.ActiveCfg = Debug|Any CPU
		{25812C40-C6AD-4CCE-BF0C-FA6C716F42AD}.Debug|Any CPU.Build.0 = Debug|Any CPU
		{25812C40-C6AD-4CCE-BF0C-FA6C716F42AD}.Release|Any CPU.ActiveCfg = Release|Any CPU
		{25812C40-C6AD-4CCE-BF0C-FA6C716F42AD}.Release|Any CPU.Build.0 = Release|Any CPU
		{3A0FD4A8-3BA6-4AB0-BDC2-741759E0EEA6}.Debug|Any CPU.ActiveCfg = Debug|Any CPU
		{3A0FD4A8-3BA6-4AB0-BDC2-741759E0EEA6}.Debug|Any CPU.Build.0 = Debug|Any CPU
		{3A0FD4A8-3BA6-4AB0-BDC2-741759E0EEA6}.Release|Any CPU.ActiveCfg = Release|Any CPU
		{3A0FD4A8-3BA6-4AB0-BDC2-741759E0EEA6}.Release|Any CPU.Build.0 = Release|Any CPU
	EndGlobalSection
	GlobalSection(SolutionProperties) = preSolution
		HideSolutionNode = FALSE
	EndGlobalSection
	GlobalSection(ExtensibilityGlobals) = postSolution
		SolutionGuid = {61138AB5-930D-4FAB-8E19-ED81DC21BDCA}
	EndGlobalSection
EndGlobal
