
Microsoft Visual Studio Solution File, Format Version 12.00
# Visual Studio Version 16
VisualStudioVersion = 16.0.31613.86
MinimumVisualStudioVersion = 10.0.40219.1
Project("{FAE04EC0-301F-11D3-BF4B-00C04F79EFBC}") = "ejercicioI01holaWF", "ejercicioI01holaWF\ejercicioI01holaWF.csproj", "{A253E268-2A2C-48A2-B80C-A0B679D714BE}"
EndProject
Global
	GlobalSection(SolutionConfigurationPlatforms) = preSolution
		Debug|Any CPU = Debug|Any CPU
		Release|Any CPU = Release|Any CPU
	EndGlobalSection
	GlobalSection(ProjectConfigurationPlatforms) = postSolution
		{A253E268-2A2C-48A2-B80C-A0B679D714BE}.Debug|Any CPU.ActiveCfg = Debug|Any CPU
		{A253E268-2A2C-48A2-B80C-A0B679D714BE}.Debug|Any CPU.Build.0 = Debug|Any CPU
		{A253E268-2A2C-48A2-B80C-A0B679D714BE}.Release|Any CPU.ActiveCfg = Release|Any CPU
		{A253E268-2A2C-48A2-B80C-A0B679D714BE}.Release|Any CPU.Build.0 = Release|Any CPU
	EndGlobalSection
	GlobalSection(SolutionProperties) = preSolution
		HideSolutionNode = FALSE
	EndGlobalSection
	GlobalSection(ExtensibilityGlobals) = postSolution
		SolutionGuid = {9F63D2A2-7DF4-4DC4-9E90-5B799D9B8439}
	EndGlobalSection
EndGlobal
